
Microsoft Visual Studio Solution File, Format Version 12.00
# Visual Studio Version 16
VisualStudioVersion = 16.0.30804.86
MinimumVisualStudioVersion = 10.0.40219.1
Project("{9A19103F-16F7-4668-BE54-9A1E7A4F7556}") = "SädeLaskuri", "WpfApp1\SädeLaskuri.csproj", "{F1F329C6-0408-40C2-863A-A4AE208C2985}"
EndProject
Global
	GlobalSection(SolutionConfigurationPlatforms) = preSolution
		Debug|Any CPU = Debug|Any CPU
		Release|Any CPU = Release|Any CPU
	EndGlobalSection
	GlobalSection(ProjectConfigurationPlatforms) = postSolution
		{F1F329C6-0408-40C2-863A-A4AE208C2985}.Debug|Any CPU.ActiveCfg = Debug|Any CPU
		{F1F329C6-0408-40C2-863A-A4AE208C2985}.Debug|Any CPU.Build.0 = Debug|Any CPU
		{F1F329C6-0408-40C2-863A-A4AE208C2985}.Release|Any CPU.ActiveCfg = Release|Any CPU
		{F1F329C6-0408-40C2-863A-A4AE208C2985}.Release|Any CPU.Build.0 = Release|Any CPU
	EndGlobalSection
	GlobalSection(SolutionProperties) = preSolution
		HideSolutionNode = FALSE
	EndGlobalSection
	GlobalSection(ExtensibilityGlobals) = postSolution
		SolutionGuid = {2345723D-E792-427D-85F7-18E55D15D4A9}
	EndGlobalSection
EndGlobal
